{
  "projects": [
    {
      "projectId": "iTkTpRrBv1t1xdrRqPytP9",
      "version": "latest",
      "dependencies": {},
      "lang": "js",
      "fileLocks": [
        {
          "type": "globalVariant",
          "assetId": "fEDNgTvqmIKpV",
          "checksum": "11171fcda46e8dd8527ec492005a5d2b"
        },
        {
          "type": "renderModule",
          "assetId": "8uoN1T4KzVYoM",
          "checksum": "fc104257755215cab273157aa8d1a529"
        },
        {
          "type": "cssRules",
          "assetId": "8uoN1T4KzVYoM",
          "checksum": "fc104257755215cab273157aa8d1a529"
        },
        {
          "type": "renderModule",
          "assetId": "Y0ocw8_s4yQMx",
          "checksum": "49fb50138a53a4b4c218e12e9c88fcfe"
        },
        {
          "type": "cssRules",
          "assetId": "Y0ocw8_s4yQMx",
          "checksum": "49fb50138a53a4b4c218e12e9c88fcfe"
        },
        {
          "type": "icon",
          "assetId": "qKRqG3HuRR2gc",
          "checksum": "451f8d991e8ddae157a53f45c3d3415d"
        },
        {
          "type": "icon",
          "assetId": "00nRsvGuwLc2-",
          "checksum": "bcb69dc5a0a39d0824b95d26a75fd067"
        },
        {
          "type": "icon",
          "assetId": "JbJ_ydwRW-JIH",
          "checksum": "edc029139d0e59a4ed7b489895de2648"
        },
        {
          "assetId": "iTkTpRrBv1t1xdrRqPytP9",
          "type": "projectCss",
          "checksum": "f33ac7bb3e8c857c5863dd2d3fb28592"
        }
      ],
      "codegenVersion": "0.0.1"
    }
  ],
  "cliVersion": "0.1.178"
}
